// !$*UTF8*$!
{
	archiveVersion = 1;
	classes = {
	};
	objectVersion = 51;
	objects = {

/* Begin PBXBuildFile section */
		4FFB206C2BEC14E22A1BA7D5 /* Pods_obi_obiUITests.framework in Frameworks */ = {isa = PBXBuildFile; fileRef = 90859F3B662E3D0A0FA6EB09 /* Pods_obi_obiUITests.framework */; };
		736D7BAD25C3F5CD00531033 /* AppDelegate.swift in Sources */ = {isa = PBXBuildFile; fileRef = 736D7BAC25C3F5CD00531033 /* AppDelegate.swift */; };
		736D7BAF25C3F5CD00531033 /* SceneDelegate.swift in Sources */ = {isa = PBXBuildFile; fileRef = 736D7BAE25C3F5CD00531033 /* SceneDelegate.swift */; };
		736D7BB125C3F5CD00531033 /* ViewController.swift in Sources */ = {isa = PBXBuildFile; fileRef = 736D7BB025C3F5CD00531033 /* ViewController.swift */; };
		736D7BB425C3F5CD00531033 /* Main.storyboard in Resources */ = {isa = PBXBuildFile; fileRef = 736D7BB225C3F5CD00531033 /* Main.storyboard */; };
		736D7BB625C3F5CE00531033 /* Assets.xcassets in Resources */ = {isa = PBXBuildFile; fileRef = 736D7BB525C3F5CE00531033 /* Assets.xcassets */; };
		736D7BB925C3F5CE00531033 /* LaunchScreen.storyboard in Resources */ = {isa = PBXBuildFile; fileRef = 736D7BB725C3F5CE00531033 /* LaunchScreen.storyboard */; };
		736D7BC425C3F5CE00531033 /* obiTests.swift in Sources */ = {isa = PBXBuildFile; fileRef = 736D7BC325C3F5CE00531033 /* obiTests.swift */; };
		736D7BCF25C3F5CE00531033 /* obiUITests.swift in Sources */ = {isa = PBXBuildFile; fileRef = 736D7BCE25C3F5CE00531033 /* obiUITests.swift */; };
		736D7BF925C3F99400531033 /* GoogleService-Info.plist in Resources */ = {isa = PBXBuildFile; fileRef = 736D7BF825C3F99400531033 /* GoogleService-Info.plist */; };
		736D7C0125C3FB8600531033 /* login.swift in Sources */ = {isa = PBXBuildFile; fileRef = 736D7C0025C3FB8600531033 /* login.swift */; };
		736D7C0625C3FBC800531033 /* signup.swift in Sources */ = {isa = PBXBuildFile; fileRef = 736D7C0525C3FBC800531033 /* signup.swift */; };
		84562DA645D247842DE067D8 /* Pods_obi.framework in Frameworks */ = {isa = PBXBuildFile; fileRef = 54B096AD68FFF8F3EC868545 /* Pods_obi.framework */; };
		FB03E40317B02FF07788860F /* Pods_obiTests.framework in Frameworks */ = {isa = PBXBuildFile; fileRef = 0DBFD750CE95340415966509 /* Pods_obiTests.framework */; };
/* End PBXBuildFile section */

/* Begin PBXContainerItemProxy section */
		736D7BC025C3F5CE00531033 /* PBXContainerItemProxy */ = {
			isa = PBXContainerItemProxy;
			containerPortal = 736D7BA125C3F5CD00531033 /* Project object */;
			proxyType = 1;
			remoteGlobalIDString = 736D7BA825C3F5CD00531033;
			remoteInfo = obi;
		};
		736D7BCB25C3F5CE00531033 /* PBXContainerItemProxy */ = {
			isa = PBXContainerItemProxy;
			containerPortal = 736D7BA125C3F5CD00531033 /* Project object */;
			proxyType = 1;
			remoteGlobalIDString = 736D7BA825C3F5CD00531033;
			remoteInfo = obi;
		};
/* End PBXContainerItemProxy section */

/* Begin PBXFileReference section */
		0DBFD750CE95340415966509 /* Pods_obiTests.framework */ = {isa = PBXFileReference; explicitFileType = wrapper.framework; includeInIndex = 0; path = Pods_obiTests.framework; sourceTree = BUILT_PRODUCTS_DIR; };
		3A089AA2ED939E2160DAE068 /* Pods-obi-obiUITests.release.xcconfig */ = {isa = PBXFileReference; includeInIndex = 1; lastKnownFileType = text.xcconfig; name = "Pods-obi-obiUITests.release.xcconfig"; path = "Target Support Files/Pods-obi-obiUITests/Pods-obi-obiUITests.release.xcconfig"; sourceTree = "<group>"; };
		54B096AD68FFF8F3EC868545 /* Pods_obi.framework */ = {isa = PBXFileReference; explicitFileType = wrapper.framework; includeInIndex = 0; path = Pods_obi.framework; sourceTree = BUILT_PRODUCTS_DIR; };
		65AA58DD8B1CAD0E575E49DD /* Pods-obi.release.xcconfig */ = {isa = PBXFileReference; includeInIndex = 1; lastKnownFileType = text.xcconfig; name = "Pods-obi.release.xcconfig"; path = "Target Support Files/Pods-obi/Pods-obi.release.xcconfig"; sourceTree = "<group>"; };
		736D7BA925C3F5CD00531033 /* obi.app */ = {isa = PBXFileReference; explicitFileType = wrapper.application; includeInIndex = 0; path = obi.app; sourceTree = BUILT_PRODUCTS_DIR; };
		736D7BAC25C3F5CD00531033 /* AppDelegate.swift */ = {isa = PBXFileReference; lastKnownFileType = sourcecode.swift; path = AppDelegate.swift; sourceTree = "<group>"; };
		736D7BAE25C3F5CD00531033 /* SceneDelegate.swift */ = {isa = PBXFileReference; lastKnownFileType = sourcecode.swift; path = SceneDelegate.swift; sourceTree = "<group>"; };
		736D7BB025C3F5CD00531033 /* ViewController.swift */ = {isa = PBXFileReference; lastKnownFileType = sourcecode.swift; path = ViewController.swift; sourceTree = "<group>"; };
		736D7BB325C3F5CD00531033 /* Base */ = {isa = PBXFileReference; lastKnownFileType = file.storyboard; name = Base; path = Base.lproj/Main.storyboard; sourceTree = "<group>"; };
		736D7BB525C3F5CE00531033 /* Assets.xcassets */ = {isa = PBXFileReference; lastKnownFileType = folder.assetcatalog; path = Assets.xcassets; sourceTree = "<group>"; };
		736D7BB825C3F5CE00531033 /* Base */ = {isa = PBXFileReference; lastKnownFileType = file.storyboard; name = Base; path = Base.lproj/LaunchScreen.storyboard; sourceTree = "<group>"; };
		736D7BBA25C3F5CE00531033 /* Info.plist */ = {isa = PBXFileReference; lastKnownFileType = text.plist.xml; path = Info.plist; sourceTree = "<group>"; };
		736D7BBF25C3F5CE00531033 /* obiTests.xctest */ = {isa = PBXFileReference; explicitFileType = wrapper.cfbundle; includeInIndex = 0; path = obiTests.xctest; sourceTree = BUILT_PRODUCTS_DIR; };
		736D7BC325C3F5CE00531033 /* obiTests.swift */ = {isa = PBXFileReference; lastKnownFileType = sourcecode.swift; path = obiTests.swift; sourceTree = "<group>"; };
		736D7BC525C3F5CE00531033 /* Info.plist */ = {isa = PBXFileReference; lastKnownFileType = text.plist.xml; path = Info.plist; sourceTree = "<group>"; };
		736D7BCA25C3F5CE00531033 /* obiUITests.xctest */ = {isa = PBXFileReference; explicitFileType = wrapper.cfbundle; includeInIndex = 0; path = obiUITests.xctest; sourceTree = BUILT_PRODUCTS_DIR; };
		736D7BCE25C3F5CE00531033 /* obiUITests.swift */ = {isa = PBXFileReference; lastKnownFileType = sourcecode.swift; path = obiUITests.swift; sourceTree = "<group>"; };
		736D7BD025C3F5CE00531033 /* Info.plist */ = {isa = PBXFileReference; lastKnownFileType = text.plist.xml; path = Info.plist; sourceTree = "<group>"; };
		736D7BF825C3F99400531033 /* GoogleService-Info.plist */ = {isa = PBXFileReference; fileEncoding = 4; lastKnownFileType = text.plist.xml; path = "GoogleService-Info.plist"; sourceTree = "<group>"; };
		736D7C0025C3FB8600531033 /* login.swift */ = {isa = PBXFileReference; lastKnownFileType = sourcecode.swift; path = login.swift; sourceTree = "<group>"; };
		736D7C0525C3FBC800531033 /* signup.swift */ = {isa = PBXFileReference; lastKnownFileType = sourcecode.swift; path = signup.swift; sourceTree = "<group>"; };
		7F46113DAF84A16D8A0865B9 /* Pods-obiTests.release.xcconfig */ = {isa = PBXFileReference; includeInIndex = 1; lastKnownFileType = text.xcconfig; name = "Pods-obiTests.release.xcconfig"; path = "Target Support Files/Pods-obiTests/Pods-obiTests.release.xcconfig"; sourceTree = "<group>"; };
		90859F3B662E3D0A0FA6EB09 /* Pods_obi_obiUITests.framework */ = {isa = PBXFileReference; explicitFileType = wrapper.framework; includeInIndex = 0; path = Pods_obi_obiUITests.framework; sourceTree = BUILT_PRODUCTS_DIR; };
		9DCB76EA180D826725CAA741 /* Pods-obi.debug.xcconfig */ = {isa = PBXFileReference; includeInIndex = 1; lastKnownFileType = text.xcconfig; name = "Pods-obi.debug.xcconfig"; path = "Target Support Files/Pods-obi/Pods-obi.debug.xcconfig"; sourceTree = "<group>"; };
		A390A5DB01A88DF867E2AB88 /* Pods-obi-obiUITests.debug.xcconfig */ = {isa = PBXFileReference; includeInIndex = 1; lastKnownFileType = text.xcconfig; name = "Pods-obi-obiUITests.debug.xcconfig"; path = "Target Support Files/Pods-obi-obiUITests/Pods-obi-obiUITests.debug.xcconfig"; sourceTree = "<group>"; };
		C35F24403BBBBDBB9F3338CF /* Pods-obiTests.debug.xcconfig */ = {isa = PBXFileReference; includeInIndex = 1; lastKnownFileType = text.xcconfig; name = "Pods-obiTests.debug.xcconfig"; path = "Target Support Files/Pods-obiTests/Pods-obiTests.debug.xcconfig"; sourceTree = "<group>"; };
/* End PBXFileReference section */

/* Begin PBXFrameworksBuildPhase section */
		736D7BA625C3F5CD00531033 /* Frameworks */ = {
			isa = PBXFrameworksBuildPhase;
			buildActionMask = 2147483647;
			files = (
				84562DA645D247842DE067D8 /* Pods_obi.framework in Frameworks */,
			);
			runOnlyForDeploymentPostprocessing = 0;
		};
		736D7BBC25C3F5CE00531033 /* Frameworks */ = {
			isa = PBXFrameworksBuildPhase;
			buildActionMask = 2147483647;
			files = (
				FB03E40317B02FF07788860F /* Pods_obiTests.framework in Frameworks */,
			);
			runOnlyForDeploymentPostprocessing = 0;
		};
		736D7BC725C3F5CE00531033 /* Frameworks */ = {
			isa = PBXFrameworksBuildPhase;
			buildActionMask = 2147483647;
			files = (
				4FFB206C2BEC14E22A1BA7D5 /* Pods_obi_obiUITests.framework in Frameworks */,
			);
			runOnlyForDeploymentPostprocessing = 0;
		};
/* End PBXFrameworksBuildPhase section */

/* Begin PBXGroup section */
		736D7BA025C3F5CD00531033 = {
			isa = PBXGroup;
			children = (
				736D7BAB25C3F5CD00531033 /* obi */,
				736D7BC225C3F5CE00531033 /* obiTests */,
				736D7BCD25C3F5CE00531033 /* obiUITests */,
				736D7BAA25C3F5CD00531033 /* Products */,
				7D717833F5AECC9289DB0F1B /* Pods */,
				B6E845BC8A9D3026F9ECC87E /* Frameworks */,
			);
			sourceTree = "<group>";
		};
		736D7BAA25C3F5CD00531033 /* Products */ = {
			isa = PBXGroup;
			children = (
				736D7BA925C3F5CD00531033 /* obi.app */,
				736D7BBF25C3F5CE00531033 /* obiTests.xctest */,
				736D7BCA25C3F5CE00531033 /* obiUITests.xctest */,
			);
			name = Products;
			sourceTree = "<group>";
		};
		736D7BAB25C3F5CD00531033 /* obi */ = {
			isa = PBXGroup;
			children = (
				736D7BAC25C3F5CD00531033 /* AppDelegate.swift */,
				736D7BAE25C3F5CD00531033 /* SceneDelegate.swift */,
				736D7BB025C3F5CD00531033 /* ViewController.swift */,
				736D7BB225C3F5CD00531033 /* Main.storyboard */,
				736D7C0525C3FBC800531033 /* signup.swift */,
				736D7C0025C3FB8600531033 /* login.swift */,
				736D7BF825C3F99400531033 /* GoogleService-Info.plist */,
				736D7BB525C3F5CE00531033 /* Assets.xcassets */,
				736D7BB725C3F5CE00531033 /* LaunchScreen.storyboard */,
				736D7BBA25C3F5CE00531033 /* Info.plist */,
			);
			path = obi;
			sourceTree = "<group>";
		};
		736D7BC225C3F5CE00531033 /* obiTests */ = {
			isa = PBXGroup;
			children = (
				736D7BC325C3F5CE00531033 /* obiTests.swift */,
				736D7BC525C3F5CE00531033 /* Info.plist */,
			);
			path = obiTests;
			sourceTree = "<group>";
		};
		736D7BCD25C3F5CE00531033 /* obiUITests */ = {
			isa = PBXGroup;
			children = (
				736D7BCE25C3F5CE00531033 /* obiUITests.swift */,
				736D7BD025C3F5CE00531033 /* Info.plist */,
			);
			path = obiUITests;
			sourceTree = "<group>";
		};
		7D717833F5AECC9289DB0F1B /* Pods */ = {
			isa = PBXGroup;
			children = (
				9DCB76EA180D826725CAA741 /* Pods-obi.debug.xcconfig */,
				65AA58DD8B1CAD0E575E49DD /* Pods-obi.release.xcconfig */,
				A390A5DB01A88DF867E2AB88 /* Pods-obi-obiUITests.debug.xcconfig */,
				3A089AA2ED939E2160DAE068 /* Pods-obi-obiUITests.release.xcconfig */,
				C35F24403BBBBDBB9F3338CF /* Pods-obiTests.debug.xcconfig */,
				7F46113DAF84A16D8A0865B9 /* Pods-obiTests.release.xcconfig */,
			);
			path = Pods;
			sourceTree = "<group>";
		};
		B6E845BC8A9D3026F9ECC87E /* Frameworks */ = {
			isa = PBXGroup;
			children = (
				54B096AD68FFF8F3EC868545 /* Pods_obi.framework */,
				90859F3B662E3D0A0FA6EB09 /* Pods_obi_obiUITests.framework */,
				0DBFD750CE95340415966509 /* Pods_obiTests.framework */,
			);
			name = Frameworks;
			sourceTree = "<group>";
		};
/* End PBXGroup section */

/* Begin PBXNativeTarget section */
		736D7BA825C3F5CD00531033 /* obi */ = {
			isa = PBXNativeTarget;
			buildConfigurationList = 736D7BD325C3F5CE00531033 /* Build configuration list for PBXNativeTarget "obi" */;
			buildPhases = (
				69890E5DC29C0E0F91BF623D /* [CP] Check Pods Manifest.lock */,
				736D7BA525C3F5CD00531033 /* Sources */,
				736D7BA625C3F5CD00531033 /* Frameworks */,
				736D7BA725C3F5CD00531033 /* Resources */,
				F9DC8CFED83CE9C1106EEC0D /* [CP] Embed Pods Frameworks */,
			);
			buildRules = (
			);
			dependencies = (
			);
			name = obi;
			productName = obi;
			productReference = 736D7BA925C3F5CD00531033 /* obi.app */;
			productType = "com.apple.product-type.application";
		};
		736D7BBE25C3F5CE00531033 /* obiTests */ = {
			isa = PBXNativeTarget;
			buildConfigurationList = 736D7BD625C3F5CE00531033 /* Build configuration list for PBXNativeTarget "obiTests" */;
			buildPhases = (
				081E2F2FC07912F422FDE5C9 /* [CP] Check Pods Manifest.lock */,
				736D7BBB25C3F5CE00531033 /* Sources */,
				736D7BBC25C3F5CE00531033 /* Frameworks */,
				736D7BBD25C3F5CE00531033 /* Resources */,
			);
			buildRules = (
			);
			dependencies = (
				736D7BC125C3F5CE00531033 /* PBXTargetDependency */,
			);
			name = obiTests;
			productName = obiTests;
			productReference = 736D7BBF25C3F5CE00531033 /* obiTests.xctest */;
			productType = "com.apple.product-type.bundle.unit-test";
		};
		736D7BC925C3F5CE00531033 /* obiUITests */ = {
			isa = PBXNativeTarget;
			buildConfigurationList = 736D7BD925C3F5CE00531033 /* Build configuration list for PBXNativeTarget "obiUITests" */;
			buildPhases = (
				F7F228CD4C246CA217EA2830 /* [CP] Check Pods Manifest.lock */,
				736D7BC625C3F5CE00531033 /* Sources */,
				736D7BC725C3F5CE00531033 /* Frameworks */,
				736D7BC825C3F5CE00531033 /* Resources */,
				8667AB7C5962420634F18B67 /* [CP] Embed Pods Frameworks */,
			);
			buildRules = (
			);
			dependencies = (
				736D7BCC25C3F5CE00531033 /* PBXTargetDependency */,
			);
			name = obiUITests;
			productName = obiUITests;
			productReference = 736D7BCA25C3F5CE00531033 /* obiUITests.xctest */;
			productType = "com.apple.product-type.bundle.ui-testing";
		};
/* End PBXNativeTarget section */

/* Begin PBXProject section */
		736D7BA125C3F5CD00531033 /* Project object */ = {
			isa = PBXProject;
			attributes = {
				LastSwiftUpdateCheck = 1240;
				LastUpgradeCheck = 1240;
				TargetAttributes = {
					736D7BA825C3F5CD00531033 = {
						CreatedOnToolsVersion = 12.4;
					};
					736D7BBE25C3F5CE00531033 = {
						CreatedOnToolsVersion = 12.4;
						TestTargetID = 736D7BA825C3F5CD00531033;
					};
					736D7BC925C3F5CE00531033 = {
						CreatedOnToolsVersion = 12.4;
						TestTargetID = 736D7BA825C3F5CD00531033;
					};
				};
			};
			buildConfigurationList = 736D7BA425C3F5CD00531033 /* Build configuration list for PBXProject "obi" */;
			compatibilityVersion = "Xcode 9.3";
			developmentRegion = en;
			hasScannedForEncodings = 0;
			knownRegions = (
				en,
				Base,
			);
			mainGroup = 736D7BA025C3F5CD00531033;
			productRefGroup = 736D7BAA25C3F5CD00531033 /* Products */;
			projectDirPath = "";
			projectRoot = "";
			targets = (
				736D7BA825C3F5CD00531033 /* obi */,
				736D7BBE25C3F5CE00531033 /* obiTests */,
				736D7BC925C3F5CE00531033 /* obiUITests */,
			);
		};
/* End PBXProject section */

/* Begin PBXResourcesBuildPhase section */
		736D7BA725C3F5CD00531033 /* Resources */ = {
			isa = PBXResourcesBuildPhase;
			buildActionMask = 2147483647;
			files = (
				736D7BB925C3F5CE00531033 /* LaunchScreen.storyboard in Resources */,
				736D7BB625C3F5CE00531033 /* Assets.xcassets in Resources */,
				736D7BB425C3F5CD00531033 /* Main.storyboard in Resources */,
				736D7BF925C3F99400531033 /* GoogleService-Info.plist in Resources */,
			);
			runOnlyForDeploymentPostprocessing = 0;
		};
		736D7BBD25C3F5CE00531033 /* Resources */ = {
			isa = PBXResourcesBuildPhase;
			buildActionMask = 2147483647;
			files = (
			);
			runOnlyForDeploymentPostprocessing = 0;
		};
		736D7BC825C3F5CE00531033 /* Resources */ = {
			isa = PBXResourcesBuildPhase;
			buildActionMask = 2147483647;
			files = (
			);
			runOnlyForDeploymentPostprocessing = 0;
		};
/* End PBXResourcesBuildPhase section */

/* Begin PBXShellScriptBuildPhase section */
		081E2F2FC07912F422FDE5C9 /* [CP] Check Pods Manifest.lock */ = {
			isa = PBXShellScriptBuildPhase;
			buildActionMask = 2147483647;
			files = (
			);
			inputFileListPaths = (
			);
			inputPaths = (
				"${PODS_PODFILE_DIR_PATH}/Podfile.lock",
				"${PODS_ROOT}/Manifest.lock",
			);
			name = "[CP] Check Pods Manifest.lock";
			outputFileListPaths = (
			);
			outputPaths = (
				"$(DERIVED_FILE_DIR)/Pods-obiTests-checkManifestLockResult.txt",
			);
			runOnlyForDeploymentPostprocessing = 0;
			shellPath = /bin/sh;
			shellScript = "diff \"${PODS_PODFILE_DIR_PATH}/Podfile.lock\" \"${PODS_ROOT}/Manifest.lock\" > /dev/null\nif [ $? != 0 ] ; then\n    # print error to STDERR\n    echo \"error: The sandbox is not in sync with the Podfile.lock. Run 'pod install' or update your CocoaPods installation.\" >&2\n    exit 1\nfi\n# This output is used by Xcode 'outputs' to avoid re-running this script phase.\necho \"SUCCESS\" > \"${SCRIPT_OUTPUT_FILE_0}\"\n";
			showEnvVarsInLog = 0;
		};
		69890E5DC29C0E0F91BF623D /* [CP] Check Pods Manifest.lock */ = {
			isa = PBXShellScriptBuildPhase;
			buildActionMask = 2147483647;
			files = (
			);
			inputFileListPaths = (
			);
			inputPaths = (
				"${PODS_PODFILE_DIR_PATH}/Podfile.lock",
				"${PODS_ROOT}/Manifest.lock",
			);
			name = "[CP] Check Pods Manifest.lock";
			outputFileListPaths = (
			);
			outputPaths = (
				"$(DERIVED_FILE_DIR)/Pods-obi-checkManifestLockResult.txt",
			);
			runOnlyForDeploymentPostprocessing = 0;
			shellPath = /bin/sh;
			shellScript = "diff \"${PODS_PODFILE_DIR_PATH}/Podfile.lock\" \"${PODS_ROOT}/Manifest.lock\" > /dev/null\nif [ $? != 0 ] ; then\n    # print error to STDERR\n    echo \"error: The sandbox is not in sync with the Podfile.lock. Run 'pod install' or update your CocoaPods installation.\" >&2\n    exit 1\nfi\n# This output is used by Xcode 'outputs' to avoid re-running this script phase.\necho \"SUCCESS\" > \"${SCRIPT_OUTPUT_FILE_0}\"\n";
			showEnvVarsInLog = 0;
		};
		8667AB7C5962420634F18B67 /* [CP] Embed Pods Frameworks */ = {
			isa = PBXShellScriptBuildPhase;
			buildActionMask = 2147483647;
			files = (
			);
			inputFileListPaths = (
				"${PODS_ROOT}/Target Support Files/Pods-obi-obiUITests/Pods-obi-obiUITests-frameworks-${CONFIGURATION}-input-files.xcfilelist",
			);
			name = "[CP] Embed Pods Frameworks";
			outputFileListPaths = (
				"${PODS_ROOT}/Target Support Files/Pods-obi-obiUITests/Pods-obi-obiUITests-frameworks-${CONFIGURATION}-output-files.xcfilelist",
			);
			runOnlyForDeploymentPostprocessing = 0;
			shellPath = /bin/sh;
			shellScript = "\"${PODS_ROOT}/Target Support Files/Pods-obi-obiUITests/Pods-obi-obiUITests-frameworks.sh\"\n";
			showEnvVarsInLog = 0;
		};
		F7F228CD4C246CA217EA2830 /* [CP] Check Pods Manifest.lock */ = {
			isa = PBXShellScriptBuildPhase;
			buildActionMask = 2147483647;
			files = (
			);
			inputFileListPaths = (
			);
			inputPaths = (
				"${PODS_PODFILE_DIR_PATH}/Podfile.lock",
				"${PODS_ROOT}/Manifest.lock",
			);
			name = "[CP] Check Pods Manifest.lock";
			outputFileListPaths = (
			);
			outputPaths = (
				"$(DERIVED_FILE_DIR)/Pods-obi-obiUITests-checkManifestLockResult.txt",
			);
			runOnlyForDeploymentPostprocessing = 0;
			shellPath = /bin/sh;
			shellScript = "diff \"${PODS_PODFILE_DIR_PATH}/Podfile.lock\" \"${PODS_ROOT}/Manifest.lock\" > /dev/null\nif [ $? != 0 ] ; then\n    # print error to STDERR\n    echo \"error: The sandbox is not in sync with the Podfile.lock. Run 'pod install' or update your CocoaPods installation.\" >&2\n    exit 1\nfi\n# This output is used by Xcode 'outputs' to avoid re-running this script phase.\necho \"SUCCESS\" > \"${SCRIPT_OUTPUT_FILE_0}\"\n";
			showEnvVarsInLog = 0;
		};
		F9DC8CFED83CE9C1106EEC0D /* [CP] Embed Pods Frameworks */ = {
			isa = PBXShellScriptBuildPhase;
			buildActionMask = 2147483647;
			files = (
			);
			inputFileListPaths = (
				"${PODS_ROOT}/Target Support Files/Pods-obi/Pods-obi-frameworks-${CONFIGURATION}-input-files.xcfilelist",
			);
			name = "[CP] Embed Pods Frameworks";
			outputFileListPaths = (
				"${PODS_ROOT}/Target Support Files/Pods-obi/Pods-obi-frameworks-${CONFIGURATION}-output-files.xcfilelist",
			);
			runOnlyForDeploymentPostprocessing = 0;
			shellPath = /bin/sh;
			shellScript = "\"${PODS_ROOT}/Target Support Files/Pods-obi/Pods-obi-frameworks.sh\"\n";
			showEnvVarsInLog = 0;
		};
/* End PBXShellScriptBuildPhase section */

/* Begin PBXSourcesBuildPhase section */
		736D7BA525C3F5CD00531033 /* Sources */ = {
			isa = PBXSourcesBuildPhase;
			buildActionMask = 2147483647;
			files = (
				736D7BB125C3F5CD00531033 /* ViewController.swift in Sources */,
				736D7BAD25C3F5CD00531033 /* AppDelegate.swift in Sources */,
				736D7C0625C3FBC800531033 /* signup.swift in Sources */,
				736D7BAF25C3F5CD00531033 /* SceneDelegate.swift in Sources */,
				736D7C0125C3FB8600531033 /* login.swift in Sources */,
			);
			runOnlyForDeploymentPostprocessing = 0;
		};
		736D7BBB25C3F5CE00531033 /* Sources */ = {
			isa = PBXSourcesBuildPhase;
			buildActionMask = 2147483647;
			files = (
				736D7BC425C3F5CE00531033 /* obiTests.swift in Sources */,
			);
			runOnlyForDeploymentPostprocessing = 0;
		};
		736D7BC625C3F5CE00531033 /* Sources */ = {
			isa = PBXSourcesBuildPhase;
			buildActionMask = 2147483647;
			files = (
				736D7BCF25C3F5CE00531033 /* obiUITests.swift in Sources */,
			);
			runOnlyForDeploymentPostprocessing = 0;
		};
/* End PBXSourcesBuildPhase section */

/* Begin PBXTargetDependency section */
		736D7BC125C3F5CE00531033 /* PBXTargetDependency */ = {
			isa = PBXTargetDependency;
			target = 736D7BA825C3F5CD00531033 /* obi */;
			targetProxy = 736D7BC025C3F5CE00531033 /* PBXContainerItemProxy */;
		};
		736D7BCC25C3F5CE00531033 /* PBXTargetDependency */ = {
			isa = PBXTargetDependency;
			target = 736D7BA825C3F5CD00531033 /* obi */;
			targetProxy = 736D7BCB25C3F5CE00531033 /* PBXContainerItemProxy */;
		};
/* End PBXTargetDependency section */

/* Begin PBXVariantGroup section */
		736D7BB225C3F5CD00531033 /* Main.storyboard */ = {
			isa = PBXVariantGroup;
			children = (
				736D7BB325C3F5CD00531033 /* Base */,
			);
			name = Main.storyboard;
			sourceTree = "<group>";
		};
		736D7BB725C3F5CE00531033 /* LaunchScreen.storyboard */ = {
			isa = PBXVariantGroup;
			children = (
				736D7BB825C3F5CE00531033 /* Base */,
			);
			name = LaunchScreen.storyboard;
			sourceTree = "<group>";
		};
/* End PBXVariantGroup section */

/* Begin XCBuildConfiguration section */
		736D7BD125C3F5CE00531033 /* Debug */ = {
			isa = XCBuildConfiguration;
			buildSettings = {
				ALWAYS_SEARCH_USER_PATHS = NO;
				CLANG_ANALYZER_NONNULL = YES;
				CLANG_ANALYZER_NUMBER_OBJECT_CONVERSION = YES_AGGRESSIVE;
				CLANG_CXX_LANGUAGE_STANDARD = "gnu++14";
				CLANG_CXX_LIBRARY = "libc++";
				CLANG_ENABLE_MODULES = YES;
				CLANG_ENABLE_OBJC_ARC = YES;
				CLANG_ENABLE_OBJC_WEAK = YES;
				CLANG_WARN_BLOCK_CAPTURE_AUTORELEASING = YES;
				CLANG_WARN_BOOL_CONVERSION = YES;
				CLANG_WARN_COMMA = YES;
				CLANG_WARN_CONSTANT_CONVERSION = YES;
				CLANG_WARN_DEPRECATED_OBJC_IMPLEMENTATIONS = YES;
				CLANG_WARN_DIRECT_OBJC_ISA_USAGE = YES_ERROR;
				CLANG_WARN_DOCUMENTATION_COMMENTS = YES;
				CLANG_WARN_EMPTY_BODY = YES;
				CLANG_WARN_ENUM_CONVERSION = YES;
				CLANG_WARN_INFINITE_RECURSION = YES;
				CLANG_WARN_INT_CONVERSION = YES;
				CLANG_WARN_NON_LITERAL_NULL_CONVERSION = YES;
				CLANG_WARN_OBJC_IMPLICIT_RETAIN_SELF = YES;
				CLANG_WARN_OBJC_LITERAL_CONVERSION = YES;
				CLANG_WARN_OBJC_ROOT_CLASS = YES_ERROR;
				CLANG_WARN_QUOTED_INCLUDE_IN_FRAMEWORK_HEADER = YES;
				CLANG_WARN_RANGE_LOOP_ANALYSIS = YES;
				CLANG_WARN_STRICT_PROTOTYPES = YES;
				CLANG_WARN_SUSPICIOUS_MOVE = YES;
				CLANG_WARN_UNGUARDED_AVAILABILITY = YES_AGGRESSIVE;
				CLANG_WARN_UNREACHABLE_CODE = YES;
				CLANG_WARN__DUPLICATE_METHOD_MATCH = YES;
				COPY_PHASE_STRIP = NO;
				DEBUG_INFORMATION_FORMAT = dwarf;
				ENABLE_STRICT_OBJC_MSGSEND = YES;
				ENABLE_TESTABILITY = YES;
				GCC_C_LANGUAGE_STANDARD = gnu11;
				GCC_DYNAMIC_NO_PIC = NO;
				GCC_NO_COMMON_BLOCKS = YES;
				GCC_OPTIMIZATION_LEVEL = 0;
				GCC_PREPROCESSOR_DEFINITIONS = (
					"DEBUG=1",
					"$(inherited)",
				);
				GCC_WARN_64_TO_32_BIT_CONVERSION = YES;
				GCC_WARN_ABOUT_RETURN_TYPE = YES_ERROR;
				GCC_WARN_UNDECLARED_SELECTOR = YES;
				GCC_WARN_UNINITIALIZED_AUTOS = YES_AGGRESSIVE;
				GCC_WARN_UNUSED_FUNCTION = YES;
				GCC_WARN_UNUSED_VARIABLE = YES;
				IPHONEOS_DEPLOYMENT_TARGET = 14.4;
				MTL_ENABLE_DEBUG_INFO = INCLUDE_SOURCE;
				MTL_FAST_MATH = YES;
				ONLY_ACTIVE_ARCH = YES;
				SDKROOT = iphoneos;
				SWIFT_ACTIVE_COMPILATION_CONDITIONS = DEBUG;
				SWIFT_OPTIMIZATION_LEVEL = "-Onone";
			};
			name = Debug;
		};
		736D7BD225C3F5CE00531033 /* Release */ = {
			isa = XCBuildConfiguration;
			buildSettings = {
				ALWAYS_SEARCH_USER_PATHS = NO;
				CLANG_ANALYZER_NONNULL = YES;
				CLANG_ANALYZER_NUMBER_OBJECT_CONVERSION = YES_AGGRESSIVE;
				CLANG_CXX_LANGUAGE_STANDARD = "gnu++14";
				CLANG_CXX_LIBRARY = "libc++";
				CLANG_ENABLE_MODULES = YES;
				CLANG_ENABLE_OBJC_ARC = YES;
				CLANG_ENABLE_OBJC_WEAK = YES;
				CLANG_WARN_BLOCK_CAPTURE_AUTORELEASING = YES;
				CLANG_WARN_BOOL_CONVERSION = YES;
				CLANG_WARN_COMMA = YES;
				CLANG_WARN_CONSTANT_CONVERSION = YES;
				CLANG_WARN_DEPRECATED_OBJC_IMPLEMENTATIONS = YES;
				CLANG_WARN_DIRECT_OBJC_ISA_USAGE = YES_ERROR;
				CLANG_WARN_DOCUMENTATION_COMMENTS = YES;
				CLANG_WARN_EMPTY_BODY = YES;
				CLANG_WARN_ENUM_CONVERSION = YES;
				CLANG_WARN_INFINITE_RECURSION = YES;
				CLANG_WARN_INT_CONVERSION = YES;
				CLANG_WARN_NON_LITERAL_NULL_CONVERSION = YES;
				CLANG_WARN_OBJC_IMPLICIT_RETAIN_SELF = YES;
				CLANG_WARN_OBJC_LITERAL_CONVERSION = YES;
				CLANG_WARN_OBJC_ROOT_CLASS = YES_ERROR;
				CLANG_WARN_QUOTED_INCLUDE_IN_FRAMEWORK_HEADER = YES;
				CLANG_WARN_RANGE_LOOP_ANALYSIS = YES;
				CLANG_WARN_STRICT_PROTOTYPES = YES;
				CLANG_WARN_SUSPICIOUS_MOVE = YES;
				CLANG_WARN_UNGUARDED_AVAILABILITY = YES_AGGRESSIVE;
				CLANG_WARN_UNREACHABLE_CODE = YES;
				CLANG_WARN__DUPLICATE_METHOD_MATCH = YES;
				COPY_PHASE_STRIP = NO;
				DEBUG_INFORMATION_FORMAT = "dwarf-with-dsym";
				ENABLE_NS_ASSERTIONS = NO;
				ENABLE_STRICT_OBJC_MSGSEND = YES;
				GCC_C_LANGUAGE_STANDARD = gnu11;
				GCC_NO_COMMON_BLOCKS = YES;
				GCC_WARN_64_TO_32_BIT_CONVERSION = YES;
				GCC_WARN_ABOUT_RETURN_TYPE = YES_ERROR;
				GCC_WARN_UNDECLARED_SELECTOR = YES;
				GCC_WARN_UNINITIALIZED_AUTOS = YES_AGGRESSIVE;
				GCC_WARN_UNUSED_FUNCTION = YES;
				GCC_WARN_UNUSED_VARIABLE = YES;
				IPHONEOS_DEPLOYMENT_TARGET = 14.4;
				MTL_ENABLE_DEBUG_INFO = NO;
				MTL_FAST_MATH = YES;
				SDKROOT = iphoneos;
				SWIFT_COMPILATION_MODE = wholemodule;
				SWIFT_OPTIMIZATION_LEVEL = "-O";
				VALIDATE_PRODUCT = YES;
			};
			name = Release;
		};
		736D7BD425C3F5CE00531033 /* Debug */ = {
			isa = XCBuildConfiguration;
			baseConfigurationReference = 9DCB76EA180D826725CAA741 /* Pods-obi.debug.xcconfig */;
			buildSettings = {
				ASSETCATALOG_COMPILER_APPICON_NAME = AppIcon;
				ASSETCATALOG_COMPILER_GLOBAL_ACCENT_COLOR_NAME = AccentColor;
				CODE_SIGN_STYLE = Automatic;
				DEVELOPMENT_TEAM = VNAV5S2KU6;
				INFOPLIST_FILE = obi/Info.plist;
				LD_RUNPATH_SEARCH_PATHS = (
					"$(inherited)",
					"@executable_path/Frameworks",
				);
				PRODUCT_BUNDLE_IDENTIFIER = kazuyasasakura.obi;
				PRODUCT_NAME = "$(TARGET_NAME)";
				SWIFT_VERSION = 5.0;
				TARGETED_DEVICE_FAMILY = "1,2";
			};
			name = Debug;
		};
		736D7BD525C3F5CE00531033 /* Release */ = {
			isa = XCBuildConfiguration;
			baseConfigurationReference = 65AA58DD8B1CAD0E575E49DD /* Pods-obi.release.xcconfig */;
			buildSettings = {
				ASSETCATALOG_COMPILER_APPICON_NAME = AppIcon;
				ASSETCATALOG_COMPILER_GLOBAL_ACCENT_COLOR_NAME = AccentColor;
				CODE_SIGN_STYLE = Automatic;
				DEVELOPMENT_TEAM = VNAV5S2KU6;
				INFOPLIST_FILE = obi/Info.plist;
				LD_RUNPATH_SEARCH_PATHS = (
					"$(inherited)",
					"@executable_path/Frameworks",
				);
				PRODUCT_BUNDLE_IDENTIFIER = kazuyasasakura.obi;
				PRODUCT_NAME = "$(TARGET_NAME)";
				SWIFT_VERSION = 5.0;
				TARGETED_DEVICE_FAMILY = "1,2";
			};
			name = Release;
		};
		736D7BD725C3F5CE00531033 /* Debug */ = {
			isa = XCBuildConfiguration;
			baseConfigurationReference = C35F24403BBBBDBB9F3338CF /* Pods-obiTests.debug.xcconfig */;
			buildSettings = {
				ALWAYS_EMBED_SWIFT_STANDARD_LIBRARIES = YES;
				BUNDLE_LOADER = "$(TEST_HOST)";
				CODE_SIGN_STYLE = Automatic;
				DEVELOPMENT_TEAM = VNAV5S2KU6;
				INFOPLIST_FILE = obiTests/Info.plist;
				IPHONEOS_DEPLOYMENT_TARGET = 14.4;
				LD_RUNPATH_SEARCH_PATHS = (
					"$(inherited)",
					"@executable_path/Frameworks",
					"@loader_path/Frameworks",
				);
				PRODUCT_BUNDLE_IDENTIFIER = kazuyasasakura.obiTests;
				PRODUCT_NAME = "$(TARGET_NAME)";
				SWIFT_VERSION = 5.0;
				TARGETED_DEVICE_FAMILY = "1,2";
				TEST_HOST = "$(BUILT_PRODUCTS_DIR)/obi.app/obi";
			};
			name = Debug;
		};
		736D7BD825C3F5CE00531033 /* Release */ = {
			isa = XCBuildConfiguration;
			baseConfigurationReference = 7F46113DAF84A16D8A0865B9 /* Pods-obiTests.release.xcconfig */;
			buildSettings = {
				ALWAYS_EMBED_SWIFT_STANDARD_LIBRARIES = YES;
				BUNDLE_LOADER = "$(TEST_HOST)";
				CODE_SIGN_STYLE = Automatic;
				DEVELOPMENT_TEAM = VNAV5S2KU6;
				INFOPLIST_FILE = obiTests/Info.plist;
				IPHONEOS_DEPLOYMENT_TARGET = 14.4;
				LD_RUNPATH_SEARCH_PATHS = (
					"$(inherited)",
					"@executable_path/Frameworks",
					"@loader_path/Frameworks",
				);
				PRODUCT_BUNDLE_IDENTIFIER = kazuyasasakura.obiTests;
				PRODUCT_NAME = "$(TARGET_NAME)";
				SWIFT_VERSION = 5.0;
				TARGETED_DEVICE_FAMILY = "1,2";
				TEST_HOST = "$(BUILT_PRODUCTS_DIR)/obi.app/obi";
			};
			name = Release;
		};
		736D7BDA25C3F5CE00531033 /* Debug */ = {
			isa = XCBuildConfiguration;
			baseConfigurationReference = A390A5DB01A88DF867E2AB88 /* Pods-obi-obiUITests.debug.xcconfig */;
			buildSettings = {
				ALWAYS_EMBED_SWIFT_STANDARD_LIBRARIES = YES;
				CODE_SIGN_STYLE = Automatic;
				DEVELOPMENT_TEAM = VNAV5S2KU6;
				INFOPLIST_FILE = obiUITests/Info.plist;
				LD_RUNPATH_SEARCH_PATHS = (
					"$(inherited)",
					"@executable_path/Frameworks",
					"@loader_path/Frameworks",
				);
				PRODUCT_BUNDLE_IDENTIFIER = kazuyasasakura.obiUITests;
				PRODUCT_NAME = "$(TARGET_NAME)";
				SWIFT_VERSION = 5.0;
				TARGETED_DEVICE_FAMILY = "1,2";
				TEST_TARGET_NAME = obi;
			};
			name = Debug;
		};
		736D7BDB25C3F5CE00531033 /* Release */ = {
			isa = XCBuildConfiguration;
			baseConfigurationReference = 3A089AA2ED939E2160DAE068 /* Pods-obi-obiUITests.release.xcconfig */;
			buildSettings = {
				ALWAYS_EMBED_SWIFT_STANDARD_LIBRARIES = YES;
				CODE_SIGN_STYLE = Automatic;
				DEVELOPMENT_TEAM = VNAV5S2KU6;
				INFOPLIST_FILE = obiUITests/Info.plist;
				LD_RUNPATH_SEARCH_PATHS = (
					"$(inherited)",
					"@executable_path/Frameworks",
					"@loader_path/Frameworks",
				);
				PRODUCT_BUNDLE_IDENTIFIER = kazuyasasakura.obiUITests;
				PRODUCT_NAME = "$(TARGET_NAME)";
				SWIFT_VERSION = 5.0;
				TARGETED_DEVICE_FAMILY = "1,2";
				TEST_TARGET_NAME = obi;
			};
			name = Release;
		};
/* End XCBuildConfiguration section */

/* Begin XCConfigurationList section */
		736D7BA425C3F5CD00531033 /* Build configuration list for PBXProject "obi" */ = {
			isa = XCConfigurationList;
			buildConfigurations = (
				736D7BD125C3F5CE00531033 /* Debug */,
				736D7BD225C3F5CE00531033 /* Release */,
			);
			defaultConfigurationIsVisible = 0;
			defaultConfigurationName = Release;
		};
		736D7BD325C3F5CE00531033 /* Build configuration list for PBXNativeTarget "obi" */ = {
			isa = XCConfigurationList;
			buildConfigurations = (
				736D7BD425C3F5CE00531033 /* Debug */,
				736D7BD525C3F5CE00531033 /* Release */,
			);
			defaultConfigurationIsVisible = 0;
			defaultConfigurationName = Release;
		};
		736D7BD625C3F5CE00531033 /* Build configuration list for PBXNativeTarget "obiTests" */ = {
			isa = XCConfigurationList;
			buildConfigurations = (
				736D7BD725C3F5CE00531033 /* Debug */,
				736D7BD825C3F5CE00531033 /* Release */,
			);
			defaultConfigurationIsVisible = 0;
			defaultConfigurationName = Release;
		};
		736D7BD925C3F5CE00531033 /* Build configuration list for PBXNativeTarget "obiUITests" */ = {
			isa = XCConfigurationList;
			buildConfigurations = (
				736D7BDA25C3F5CE00531033 /* Debug */,
				736D7BDB25C3F5CE00531033 /* Release */,
			);
			defaultConfigurationIsVisible = 0;
			defaultConfigurationName = Release;
		};
/* End XCConfigurationList section */
	};
	rootObject = 736D7BA125C3F5CD00531033 /* Project object */;
}
